// !$*UTF8*$!
{
	archiveVersion = 1;
	classes = {
	};
	objectVersion = 46;
	objects = {

/* Begin PBXBuildFile section */
		5473F9461DFEE88000EBFCA8 /* Benchmark.swift in Sources */ = {isa = PBXBuildFile; fileRef = 5473F9451DFEE88000EBFCA8 /* Benchmark.swift */; };
		54B8B1BF1DF86B7E00852F23 /* EzStopWatch.m in Sources */ = {isa = PBXBuildFile; fileRef = 54B8B1BE1DF86B7E00852F23 /* EzStopWatch.m */; };
		54B8B1C21DF8770800852F23 /* validation1.swift in Sources */ = {isa = PBXBuildFile; fileRef = 54B8B1C11DF8770800852F23 /* validation1.swift */; };
		54B8B1C41DF877E600852F23 /* validation2.swift in Sources */ = {isa = PBXBuildFile; fileRef = 54B8B1C31DF877E600852F23 /* validation2.swift */; };
		54D04C541DFC2BDC004454A6 /* MemoryLayoutInfo.swift in Sources */ = {isa = PBXBuildFile; fileRef = 54D04C531DFC2BDC004454A6 /* MemoryLayoutInfo.swift */; };
		54F6C8E01DF71DB60053D213 /* AppDelegate.swift in Sources */ = {isa = PBXBuildFile; fileRef = 54F6C8DF1DF71DB60053D213 /* AppDelegate.swift */; };
		54F6C8E21DF71DB60053D213 /* ViewController.swift in Sources */ = {isa = PBXBuildFile; fileRef = 54F6C8E11DF71DB60053D213 /* ViewController.swift */; };
		54F6C8E51DF71DB60053D213 /* Main.storyboard in Resources */ = {isa = PBXBuildFile; fileRef = 54F6C8E31DF71DB60053D213 /* Main.storyboard */; };
		54F6C8E71DF71DB60053D213 /* Assets.xcassets in Resources */ = {isa = PBXBuildFile; fileRef = 54F6C8E61DF71DB60053D213 /* Assets.xcassets */; };
		54F6C8EA1DF71DB60053D213 /* LaunchScreen.storyboard in Resources */ = {isa = PBXBuildFile; fileRef = 54F6C8E81DF71DB60053D213 /* LaunchScreen.storyboard */; };
/* End PBXBuildFile section */

/* Begin PBXFileReference section */
		5473F9451DFEE88000EBFCA8 /* Benchmark.swift */ = {isa = PBXFileReference; fileEncoding = 4; lastKnownFileType = sourcecode.swift; path = Benchmark.swift; sourceTree = "<group>"; };
		54B8B1BD1DF86B7E00852F23 /* ResearchMemoryAlign-Bridging-Header.h */ = {isa = PBXFileReference; lastKnownFileType = sourcecode.c.h; path = "ResearchMemoryAlign-Bridging-Header.h"; sourceTree = "<group>"; };
		54B8B1BE1DF86B7E00852F23 /* EzStopWatch.m */ = {isa = PBXFileReference; fileEncoding = 4; lastKnownFileType = sourcecode.c.objc; path = EzStopWatch.m; sourceTree = "<group>"; };
		54B8B1C01DF86CA900852F23 /* EzStopWatch.h */ = {isa = PBXFileReference; lastKnownFileType = sourcecode.c.h; path = EzStopWatch.h; sourceTree = "<group>"; };
		54B8B1C11DF8770800852F23 /* validation1.swift */ = {isa = PBXFileReference; fileEncoding = 4; lastKnownFileType = sourcecode.swift; path = validation1.swift; sourceTree = "<group>"; };
		54B8B1C31DF877E600852F23 /* validation2.swift */ = {isa = PBXFileReference; fileEncoding = 4; lastKnownFileType = sourcecode.swift; path = validation2.swift; sourceTree = "<group>"; };
		54D04C531DFC2BDC004454A6 /* MemoryLayoutInfo.swift */ = {isa = PBXFileReference; fileEncoding = 4; lastKnownFileType = sourcecode.swift; path = MemoryLayoutInfo.swift; sourceTree = "<group>"; };
		54F6C8DC1DF71DB60053D213 /* ResearchMemoryAlign.app */ = {isa = PBXFileReference; explicitFileType = wrapper.application; includeInIndex = 0; path = ResearchMemoryAlign.app; sourceTree = BUILT_PRODUCTS_DIR; };
		54F6C8DF1DF71DB60053D213 /* AppDelegate.swift */ = {isa = PBXFileReference; lastKnownFileType = sourcecode.swift; path = AppDelegate.swift; sourceTree = "<group>"; };
		54F6C8E11DF71DB60053D213 /* ViewController.swift */ = {isa = PBXFileReference; lastKnownFileType = sourcecode.swift; path = ViewController.swift; sourceTree = "<group>"; };
		54F6C8E41DF71DB60053D213 /* Base */ = {isa = PBXFileReference; lastKnownFileType = file.storyboard; name = Base; path = Base.lproj/Main.storyboard; sourceTree = "<group>"; };
		54F6C8E61DF71DB60053D213 /* Assets.xcassets */ = {isa = PBXFileReference; lastKnownFileType = folder.assetcatalog; path = Assets.xcassets; sourceTree = "<group>"; };
		54F6C8E91DF71DB60053D213 /* Base */ = {isa = PBXFileReference; lastKnownFileType = file.storyboard; name = Base; path = Base.lproj/LaunchScreen.storyboard; sourceTree = "<group>"; };
		54F6C8EB1DF71DB60053D213 /* Info.plist */ = {isa = PBXFileReference; lastKnownFileType = text.plist.xml; path = Info.plist; sourceTree = "<group>"; };
/* End PBXFileReference section */

/* Begin PBXFrameworksBuildPhase section */
		54F6C8D91DF71DB60053D213 /* Frameworks */ = {
			isa = PBXFrameworksBuildPhase;
			buildActionMask = 2147483647;
			files = (
			);
			runOnlyForDeploymentPostprocessing = 0;
		};
/* End PBXFrameworksBuildPhase section */

/* Begin PBXGroup section */
		54F6C8D31DF71DB60053D213 = {
			isa = PBXGroup;
			children = (
				54F6C8DE1DF71DB60053D213 /* ResearchMemoryAlign */,
				54F6C8DD1DF71DB60053D213 /* Products */,
			);
			sourceTree = "<group>";
		};
		54F6C8DD1DF71DB60053D213 /* Products */ = {
			isa = PBXGroup;
			children = (
				54F6C8DC1DF71DB60053D213 /* ResearchMemoryAlign.app */,
			);
			name = Products;
			sourceTree = "<group>";
		};
		54F6C8DE1DF71DB60053D213 /* ResearchMemoryAlign */ = {
			isa = PBXGroup;
			children = (
				54F6C8DF1DF71DB60053D213 /* AppDelegate.swift */,
				54F6C8E11DF71DB60053D213 /* ViewController.swift */,
				54B8B1C11DF8770800852F23 /* validation1.swift */,
				54B8B1C31DF877E600852F23 /* validation2.swift */,
				54F6C8E31DF71DB60053D213 /* Main.storyboard */,
				54F6C8E61DF71DB60053D213 /* Assets.xcassets */,
				54F6C8E81DF71DB60053D213 /* LaunchScreen.storyboard */,
				54F6C8EB1DF71DB60053D213 /* Info.plist */,
				54B8B1BE1DF86B7E00852F23 /* EzStopWatch.m */,
				54B8B1C01DF86CA900852F23 /* EzStopWatch.h */,
				54B8B1BD1DF86B7E00852F23 /* ResearchMemoryAlign-Bridging-Header.h */,
				54D04C531DFC2BDC004454A6 /* MemoryLayoutInfo.swift */,
				5473F9451DFEE88000EBFCA8 /* Benchmark.swift */,
			);
			path = ResearchMemoryAlign;
			sourceTree = "<group>";
		};
/* End PBXGroup section */

/* Begin PBXNativeTarget section */
		54F6C8DB1DF71DB60053D213 /* ResearchMemoryAlign */ = {
			isa = PBXNativeTarget;
			buildConfigurationList = 54F6C8EE1DF71DB60053D213 /* Build configuration list for PBXNativeTarget "ResearchMemoryAlign" */;
			buildPhases = (
				54F6C8D81DF71DB60053D213 /* Sources */,
				54F6C8D91DF71DB60053D213 /* Frameworks */,
				54F6C8DA1DF71DB60053D213 /* Resources */,
			);
			buildRules = (
			);
			dependencies = (
			);
			name = ResearchMemoryAlign;
			productName = ResearchMemoryAlign;
			productReference = 54F6C8DC1DF71DB60053D213 /* ResearchMemoryAlign.app */;
			productType = "com.apple.product-type.application";
		};
/* End PBXNativeTarget section */

/* Begin PBXProject section */
		54F6C8D41DF71DB60053D213 /* Project object */ = {
			isa = PBXProject;
			attributes = {
				LastSwiftUpdateCheck = 0800;
				LastUpgradeCheck = 0800;
				ORGANIZATIONNAME = mothule;
				TargetAttributes = {
					54F6C8DB1DF71DB60053D213 = {
						CreatedOnToolsVersion = 8.0;
						LastSwiftMigration = 0800;
						ProvisioningStyle = Manual;
					};
				};
			};
			buildConfigurationList = 54F6C8D71DF71DB60053D213 /* Build configuration list for PBXProject "ResearchMemoryAlign" */;
			compatibilityVersion = "Xcode 3.2";
			developmentRegion = English;
			hasScannedForEncodings = 0;
			knownRegions = (
				en,
				Base,
			);
			mainGroup = 54F6C8D31DF71DB60053D213;
			productRefGroup = 54F6C8DD1DF71DB60053D213 /* Products */;
			projectDirPath = "";
			projectRoot = "";
			targets = (
				54F6C8DB1DF71DB60053D213 /* ResearchMemoryAlign */,
			);
		};
/* End PBXProject section */

/* Begin PBXResourcesBuildPhase section */
		54F6C8DA1DF71DB60053D213 /* Resources */ = {
			isa = PBXResourcesBuildPhase;
			buildActionMask = 2147483647;
			files = (
				54F6C8EA1DF71DB60053D213 /* LaunchScreen.storyboard in Resources */,
				54F6C8E71DF71DB60053D213 /* Assets.xcassets in Resources */,
				54F6C8E51DF71DB60053D213 /* Main.storyboard in Resources */,
			);
			runOnlyForDeploymentPostprocessing = 0;
		};
/* End PBXResourcesBuildPhase section */

/* Begin PBXSourcesBuildPhase section */
		54F6C8D81DF71DB60053D213 /* Sources */ = {
			isa = PBXSourcesBuildPhase;
			buildActionMask = 2147483647;
			files = (
				54B8B1C41DF877E600852F23 /* validation2.swift in Sources */,
				5473F9461DFEE88000EBFCA8 /* Benchmark.swift in Sources */,
				54B8B1C21DF8770800852F23 /* validation1.swift in Sources */,
				54B8B1BF1DF86B7E00852F23 /* EzStopWatch.m in Sources */,
				54F6C8E21DF71DB60053D213 /* ViewController.swift in Sources */,
				54D04C541DFC2BDC004454A6 /* MemoryLayoutInfo.swift in Sources */,
				54F6C8E01DF71DB60053D213 /* AppDelegate.swift in Sources */,
			);
			runOnlyForDeploymentPostprocessing = 0;
		};
/* End PBXSourcesBuildPhase section */

/* Begin PBXVariantGroup section */
		54F6C8E31DF71DB60053D213 /* Main.storyboard */ = {
			isa = PBXVariantGroup;
			children = (
				54F6C8E41DF71DB60053D213 /* Base */,
			);
			name = Main.storyboard;
			sourceTree = "<group>";
		};
		54F6C8E81DF71DB60053D213 /* LaunchScreen.storyboard */ = {
			isa = PBXVariantGroup;
			children = (
				54F6C8E91DF71DB60053D213 /* Base */,
			);
			name = LaunchScreen.storyboard;
			sourceTree = "<group>";
		};
/* End PBXVariantGroup section */

/* Begin XCBuildConfiguration section */
		54F6C8EC1DF71DB60053D213 /* Debug */ = {
			isa = XCBuildConfiguration;
			buildSettings = {
				ALWAYS_SEARCH_USER_PATHS = NO;
				CLANG_ANALYZER_NONNULL = YES;
				CLANG_CXX_LANGUAGE_STANDARD = "gnu++0x";
				CLANG_CXX_LIBRARY = "libc++";
				CLANG_ENABLE_MODULES = YES;
				CLANG_ENABLE_OBJC_ARC = YES;
				CLANG_WARN_BOOL_CONVERSION = YES;
				CLANG_WARN_CONSTANT_CONVERSION = YES;
				CLANG_WARN_DIRECT_OBJC_ISA_USAGE = YES_ERROR;
				CLANG_WARN_DOCUMENTATION_COMMENTS = YES;
				CLANG_WARN_EMPTY_BODY = YES;
				CLANG_WARN_ENUM_CONVERSION = YES;
				CLANG_WARN_INFINITE_RECURSION = YES;
				CLANG_WARN_INT_CONVERSION = YES;
				CLANG_WARN_OBJC_ROOT_CLASS = YES_ERROR;
				CLANG_WARN_SUSPICIOUS_MOVES = YES;
				CLANG_WARN_UNREACHABLE_CODE = YES;
				CLANG_WARN__DUPLICATE_METHOD_MATCH = YES;
				"CODE_SIGN_IDENTITY[sdk=iphoneos*]" = "iPhone Developer";
				COPY_PHASE_STRIP = NO;
				DEBUG_INFORMATION_FORMAT = dwarf;
				ENABLE_STRICT_OBJC_MSGSEND = YES;
				ENABLE_TESTABILITY = YES;
				GCC_C_LANGUAGE_STANDARD = gnu99;
				GCC_DYNAMIC_NO_PIC = NO;
				GCC_NO_COMMON_BLOCKS = YES;
				GCC_OPTIMIZATION_LEVEL = 0;
				GCC_PREPROCESSOR_DEFINITIONS = (
					"DEBUG=1",
					"$(inherited)",
				);
				GCC_WARN_64_TO_32_BIT_CONVERSION = YES;
				GCC_WARN_ABOUT_RETURN_TYPE = YES_ERROR;
				GCC_WARN_UNDECLARED_SELECTOR = YES;
				GCC_WARN_UNINITIALIZED_AUTOS = YES_AGGRESSIVE;
				GCC_WARN_UNUSED_FUNCTION = YES;
				GCC_WARN_UNUSED_VARIABLE = YES;
				IPHONEOS_DEPLOYMENT_TARGET = 10.0;
				MTL_ENABLE_DEBUG_INFO = YES;
				ONLY_ACTIVE_ARCH = YES;
				SDKROOT = iphoneos;
				SWIFT_ACTIVE_COMPILATION_CONDITIONS = DEBUG;
				SWIFT_OPTIMIZATION_LEVEL = "-Onone";
			};
			name = Debug;
		};
		54F6C8ED1DF71DB60053D213 /* Release */ = {
			isa = XCBuildConfiguration;
			buildSettings = {
				ALWAYS_SEARCH_USER_PATHS = NO;
				CLANG_ANALYZER_NONNULL = YES;
				CLANG_CXX_LANGUAGE_STANDARD = "gnu++0x";
				CLANG_CXX_LIBRARY = "libc++";
				CLANG_ENABLE_MODULES = YES;
				CLANG_ENABLE_OBJC_ARC = YES;
				CLANG_WARN_BOOL_CONVERSION = YES;
				CLANG_WARN_CONSTANT_CONVERSION = YES;
				CLANG_WARN_DIRECT_OBJC_ISA_USAGE = YES_ERROR;
				CLANG_WARN_DOCUMENTATION_COMMENTS = YES;
				CLANG_WARN_EMPTY_BODY = YES;
				CLANG_WARN_ENUM_CONVERSION = YES;
				CLANG_WARN_INFINITE_RECURSION = YES;
				CLANG_WARN_INT_CONVERSION = YES;
				CLANG_WARN_OBJC_ROOT_CLASS = YES_ERROR;
				CLANG_WARN_SUSPICIOUS_MOVES = YES;
				CLANG_WARN_UNREACHABLE_CODE = YES;
				CLANG_WARN__DUPLICATE_METHOD_MATCH = YES;
				"CODE_SIGN_IDENTITY[sdk=iphoneos*]" = "iPhone Developer";
				COPY_PHASE_STRIP = NO;
				DEBUG_INFORMATION_FORMAT = "dwarf-with-dsym";
				ENABLE_NS_ASSERTIONS = NO;
				ENABLE_STRICT_OBJC_MSGSEND = YES;
				GCC_C_LANGUAGE_STANDARD = gnu99;
				GCC_NO_COMMON_BLOCKS = YES;
				GCC_WARN_64_TO_32_BIT_CONVERSION = YES;
				GCC_WARN_ABOUT_RETURN_TYPE = YES_ERROR;
				GCC_WARN_UNDECLARED_SELECTOR = YES;
				GCC_WARN_UNINITIALIZED_AUTOS = YES_AGGRESSIVE;
				GCC_WARN_UNUSED_FUNCTION = YES;
				GCC_WARN_UNUSED_VARIABLE = YES;
				IPHONEOS_DEPLOYMENT_TARGET = 10.0;
				MTL_ENABLE_DEBUG_INFO = NO;
				SDKROOT = iphoneos;
				SWIFT_OPTIMIZATION_LEVEL = "-Owholemodule";
				VALIDATE_PRODUCT = YES;
			};
			name = Release;
		};
		54F6C8EF1DF71DB60053D213 /* Debug */ = {
			isa = XCBuildConfiguration;
			buildSettings = {
				ASSETCATALOG_COMPILER_APPICON_NAME = AppIcon;
				CLANG_ENABLE_MODULES = YES;
				DEVELOPMENT_TEAM = "";
				INFOPLIST_FILE = ResearchMemoryAlign/Info.plist;
				LD_RUNPATH_SEARCH_PATHS = "$(inherited) @executable_path/Frameworks";
				PRODUCT_BUNDLE_IDENTIFIER = jp.mothule.ResearchMemoryAlign;
				PRODUCT_NAME = "$(TARGET_NAME)";
				SWIFT_OBJC_BRIDGING_HEADER = "ResearchMemoryAlign/ResearchMemoryAlign-Bridging-Header.h";
				SWIFT_OPTIMIZATION_LEVEL = "-Onone";
				SWIFT_VERSION = 4.0;
			};
			name = Debug;
		};
		54F6C8F01DF71DB60053D213 /* Release */ = {
			isa = XCBuildConfiguration;
			buildSettings = {
				ASSETCATALOG_COMPILER_APPICON_NAME = AppIcon;
				CLANG_ENABLE_MODULES = YES;
				DEVELOPMENT_TEAM = "";
				INFOPLIST_FILE = ResearchMemoryAlign/Info.plist;
				LD_RUNPATH_SEARCH_PATHS = "$(inherited) @executable_path/Frameworks";
				PRODUCT_BUNDLE_IDENTIFIER = jp.mothule.ResearchMemoryAlign;
				PRODUCT_NAME = "$(TARGET_NAME)";
				SWIFT_OBJC_BRIDGING_HEADER = "ResearchMemoryAlign/ResearchMemoryAlign-Bridging-Header.h";
				SWIFT_VERSION = 4.0;
			};
			name = Release;
		};
/* End XCBuildConfiguration section */

/* Begin XCConfigurationList section */
		54F6C8D71DF71DB60053D213 /* Build configuration list for PBXProject "ResearchMemoryAlign" */ = {
			isa = XCConfigurationList;
			buildConfigurations = (
				54F6C8EC1DF71DB60053D213 /* Debug */,
				54F6C8ED1DF71DB60053D213 /* Release */,
			);
			defaultConfigurationIsVisible = 0;
			defaultConfigurationName = Release;
		};
		54F6C8EE1DF71DB60053D213 /* Build configuration list for PBXNativeTarget "ResearchMemoryAlign" */ = {
			isa = XCConfigurationList;
			buildConfigurations = (
				54F6C8EF1DF71DB60053D213 /* Debug */,
				54F6C8F01DF71DB60053D213 /* Release */,
			);
			defaultConfigurationIsVisible = 0;
			defaultConfigurationName = Release;
		};
/* End XCConfigurationList section */
	};
	rootObject = 54F6C8D41DF71DB60053D213 /* Project object */;
}
